// !$*UTF8*$!
{
	archiveVersion = 1;
	classes = {
	};
	objectVersion = 56;
	objects = {

/* Begin PBXBuildFile section */
		B25A55312B8146B300572FE4 /* SwiftGraphQLPlaygroundApp.swift in Sources */ = {isa = PBXBuildFile; fileRef = B25A55302B8146B300572FE4 /* SwiftGraphQLPlaygroundApp.swift */; };
		B25A55332B8146B300572FE4 /* ContentView.swift in Sources */ = {isa = PBXBuildFile; fileRef = B25A55322B8146B300572FE4 /* ContentView.swift */; };
		B25A55352B8146B400572FE4 /* Assets.xcassets in Resources */ = {isa = PBXBuildFile; fileRef = B25A55342B8146B400572FE4 /* Assets.xcassets */; };
		B25A55382B8146B400572FE4 /* Preview Assets.xcassets in Resources */ = {isa = PBXBuildFile; fileRef = B25A55372B8146B400572FE4 /* Preview Assets.xcassets */; };
		B25A55402B8146F400572FE4 /* GraphQL in Frameworks */ = {isa = PBXBuildFile; productRef = B25A553F2B8146F400572FE4 /* GraphQL */; };
		B25A55422B8146F400572FE4 /* GraphQLAST in Frameworks */ = {isa = PBXBuildFile; productRef = B25A55412B8146F400572FE4 /* GraphQLAST */; };
		B25A55442B8146F400572FE4 /* GraphQLWebSocket in Frameworks */ = {isa = PBXBuildFile; productRef = B25A55432B8146F400572FE4 /* GraphQLWebSocket */; };
		B25A55462B8146F400572FE4 /* SwiftGraphQL in Frameworks */ = {isa = PBXBuildFile; productRef = B25A55452B8146F400572FE4 /* SwiftGraphQL */; };
		B25A55482B8146F400572FE4 /* SwiftGraphQLClient in Frameworks */ = {isa = PBXBuildFile; productRef = B25A55472B8146F400572FE4 /* SwiftGraphQLClient */; };
		B25A554A2B814D3D00572FE4 /* SimpleCallsAPI.swift in Sources */ = {isa = PBXBuildFile; fileRef = B25A55492B814D3D00572FE4 /* SimpleCallsAPI.swift */; };
/* End PBXBuildFile section */

/* Begin PBXFileReference section */
		B25A552D2B8146B300572FE4 /* SwiftGraphQLPlayground.app */ = {isa = PBXFileReference; explicitFileType = wrapper.application; includeInIndex = 0; path = SwiftGraphQLPlayground.app; sourceTree = BUILT_PRODUCTS_DIR; };
		B25A55302B8146B300572FE4 /* SwiftGraphQLPlaygroundApp.swift */ = {isa = PBXFileReference; lastKnownFileType = sourcecode.swift; path = SwiftGraphQLPlaygroundApp.swift; sourceTree = "<group>"; };
		B25A55322B8146B300572FE4 /* ContentView.swift */ = {isa = PBXFileReference; lastKnownFileType = sourcecode.swift; path = ContentView.swift; sourceTree = "<group>"; };
		B25A55342B8146B400572FE4 /* Assets.xcassets */ = {isa = PBXFileReference; lastKnownFileType = folder.assetcatalog; path = Assets.xcassets; sourceTree = "<group>"; };
		B25A55372B8146B400572FE4 /* Preview Assets.xcassets */ = {isa = PBXFileReference; lastKnownFileType = folder.assetcatalog; path = "Preview Assets.xcassets"; sourceTree = "<group>"; };
		B25A55492B814D3D00572FE4 /* SimpleCallsAPI.swift */ = {isa = PBXFileReference; lastKnownFileType = sourcecode.swift; path = SimpleCallsAPI.swift; sourceTree = "<group>"; };
/* End PBXFileReference section */

/* Begin PBXFrameworksBuildPhase section */
		B25A552A2B8146B300572FE4 /* Frameworks */ = {
			isa = PBXFrameworksBuildPhase;
			buildActionMask = 2147483647;
			files = (
				B25A55462B8146F400572FE4 /* SwiftGraphQL in Frameworks */,
				B25A55482B8146F400572FE4 /* SwiftGraphQLClient in Frameworks */,
				B25A55402B8146F400572FE4 /* GraphQL in Frameworks */,
				B25A55442B8146F400572FE4 /* GraphQLWebSocket in Frameworks */,
				B25A55422B8146F400572FE4 /* GraphQLAST in Frameworks */,
			);
			runOnlyForDeploymentPostprocessing = 0;
		};
/* End PBXFrameworksBuildPhase section */

/* Begin PBXGroup section */
		B25A55242B8146B300572FE4 = {
			isa = PBXGroup;
			children = (
				B25A552F2B8146B300572FE4 /* SwiftGraphQLPlayground */,
				B25A552E2B8146B300572FE4 /* Products */,
			);
			sourceTree = "<group>";
		};
		B25A552E2B8146B300572FE4 /* Products */ = {
			isa = PBXGroup;
			children = (
				B25A552D2B8146B300572FE4 /* SwiftGraphQLPlayground.app */,
			);
			name = Products;
			sourceTree = "<group>";
		};
		B25A552F2B8146B300572FE4 /* SwiftGraphQLPlayground */ = {
			isa = PBXGroup;
			children = (
				B25A55302B8146B300572FE4 /* SwiftGraphQLPlaygroundApp.swift */,
				B25A55322B8146B300572FE4 /* ContentView.swift */,
				B25A55342B8146B400572FE4 /* Assets.xcassets */,
				B25A55362B8146B400572FE4 /* Preview Content */,
				B25A55492B814D3D00572FE4 /* SimpleCallsAPI.swift */,
			);
			path = SwiftGraphQLPlayground;
			sourceTree = "<group>";
		};
		B25A55362B8146B400572FE4 /* Preview Content */ = {
			isa = PBXGroup;
			children = (
				B25A55372B8146B400572FE4 /* Preview Assets.xcassets */,
			);
			path = "Preview Content";
			sourceTree = "<group>";
		};
/* End PBXGroup section */

/* Begin PBXNativeTarget section */
		B25A552C2B8146B300572FE4 /* SwiftGraphQLPlayground */ = {
			isa = PBXNativeTarget;
			buildConfigurationList = B25A553B2B8146B400572FE4 /* Build configuration list for PBXNativeTarget "SwiftGraphQLPlayground" */;
			buildPhases = (
				B25A55292B8146B300572FE4 /* Sources */,
				B25A552A2B8146B300572FE4 /* Frameworks */,
				B25A552B2B8146B300572FE4 /* Resources */,
			);
			buildRules = (
			);
			dependencies = (
			);
			name = SwiftGraphQLPlayground;
			packageProductDependencies = (
				B25A553F2B8146F400572FE4 /* GraphQL */,
				B25A55412B8146F400572FE4 /* GraphQLAST */,
				B25A55432B8146F400572FE4 /* GraphQLWebSocket */,
				B25A55452B8146F400572FE4 /* SwiftGraphQL */,
				B25A55472B8146F400572FE4 /* SwiftGraphQLClient */,
			);
			productName = SwiftGraphQLPlayground;
			productReference = B25A552D2B8146B300572FE4 /* SwiftGraphQLPlayground.app */;
			productType = "com.apple.product-type.application";
		};
/* End PBXNativeTarget section */

/* Begin PBXProject section */
		B25A55252B8146B300572FE4 /* Project object */ = {
			isa = PBXProject;
			attributes = {
				BuildIndependentTargetsInParallel = 1;
				LastSwiftUpdateCheck = 1510;
				LastUpgradeCheck = 1510;
				TargetAttributes = {
					B25A552C2B8146B300572FE4 = {
						CreatedOnToolsVersion = 15.1;
					};
				};
			};
			buildConfigurationList = B25A55282B8146B300572FE4 /* Build configuration list for PBXProject "SwiftGraphQLPlayground" */;
			compatibilityVersion = "Xcode 14.0";
			developmentRegion = en;
			hasScannedForEncodings = 0;
			knownRegions = (
				en,
				Base,
			);
			mainGroup = B25A55242B8146B300572FE4;
			packageReferences = (
				B25A553E2B8146F400572FE4 /* XCRemoteSwiftPackageReference "swift-graphql" */,
			);
			productRefGroup = B25A552E2B8146B300572FE4 /* Products */;
			projectDirPath = "";
			projectRoot = "";
			targets = (
				B25A552C2B8146B300572FE4 /* SwiftGraphQLPlayground */,
			);
		};
/* End PBXProject section */

/* Begin PBXResourcesBuildPhase section */
		B25A552B2B8146B300572FE4 /* Resources */ = {
			isa = PBXResourcesBuildPhase;
			buildActionMask = 2147483647;
			files = (
				B25A55382B8146B400572FE4 /* Preview Assets.xcassets in Resources */,
				B25A55352B8146B400572FE4 /* Assets.xcassets in Resources */,
			);
			runOnlyForDeploymentPostprocessing = 0;
		};
/* End PBXResourcesBuildPhase section */

/* Begin PBXSourcesBuildPhase section */
		B25A55292B8146B300572FE4 /* Sources */ = {
			isa = PBXSourcesBuildPhase;
			buildActionMask = 2147483647;
			files = (
				B25A554A2B814D3D00572FE4 /* SimpleCallsAPI.swift in Sources */,
				B25A55332B8146B300572FE4 /* ContentView.swift in Sources */,
				B25A55312B8146B300572FE4 /* SwiftGraphQLPlaygroundApp.swift in Sources */,
			);
			runOnlyForDeploymentPostprocessing = 0;
		};
/* End PBXSourcesBuildPhase section */

/* Begin XCBuildConfiguration section */
		B25A55392B8146B400572FE4 /* Debug */ = {
			isa = XCBuildConfiguration;
			buildSettings = {
				ALWAYS_SEARCH_USER_PATHS = NO;
				ASSETCATALOG_COMPILER_GENERATE_SWIFT_ASSET_SYMBOL_EXTENSIONS = YES;
				CLANG_ANALYZER_NONNULL = YES;
				CLANG_ANALYZER_NUMBER_OBJECT_CONVERSION = YES_AGGRESSIVE;
				CLANG_CXX_LANGUAGE_STANDARD = "gnu++20";
				CLANG_ENABLE_MODULES = YES;
				CLANG_ENABLE_OBJC_ARC = YES;
				CLANG_ENABLE_OBJC_WEAK = YES;
				CLANG_WARN_BLOCK_CAPTURE_AUTORELEASING = YES;
				CLANG_WARN_BOOL_CONVERSION = YES;
				CLANG_WARN_COMMA = YES;
				CLANG_WARN_CONSTANT_CONVERSION = YES;
				CLANG_WARN_DEPRECATED_OBJC_IMPLEMENTATIONS = YES;
				CLANG_WARN_DIRECT_OBJC_ISA_USAGE = YES_ERROR;
				CLANG_WARN_DOCUMENTATION_COMMENTS = YES;
				CLANG_WARN_EMPTY_BODY = YES;
				CLANG_WARN_ENUM_CONVERSION = YES;
				CLANG_WARN_INFINITE_RECURSION = YES;
				CLANG_WARN_INT_CONVERSION = YES;
				CLANG_WARN_NON_LITERAL_NULL_CONVERSION = YES;
				CLANG_WARN_OBJC_IMPLICIT_RETAIN_SELF = YES;
				CLANG_WARN_OBJC_LITERAL_CONVERSION = YES;
				CLANG_WARN_OBJC_ROOT_CLASS = YES_ERROR;
				CLANG_WARN_QUOTED_INCLUDE_IN_FRAMEWORK_HEADER = YES;
				CLANG_WARN_RANGE_LOOP_ANALYSIS = YES;
				CLANG_WARN_STRICT_PROTOTYPES = YES;
				CLANG_WARN_SUSPICIOUS_MOVE = YES;
				CLANG_WARN_UNGUARDED_AVAILABILITY = YES_AGGRESSIVE;
				CLANG_WARN_UNREACHABLE_CODE = YES;
				CLANG_WARN__DUPLICATE_METHOD_MATCH = YES;
				COPY_PHASE_STRIP = NO;
				DEBUG_INFORMATION_FORMAT = dwarf;
				ENABLE_STRICT_OBJC_MSGSEND = YES;
				ENABLE_TESTABILITY = YES;
				ENABLE_USER_SCRIPT_SANDBOXING = YES;
				GCC_C_LANGUAGE_STANDARD = gnu17;
				GCC_DYNAMIC_NO_PIC = NO;
				GCC_NO_COMMON_BLOCKS = YES;
				GCC_OPTIMIZATION_LEVEL = 0;
				GCC_PREPROCESSOR_DEFINITIONS = (
					"DEBUG=1",
					"$(inherited)",
				);
				GCC_WARN_64_TO_32_BIT_CONVERSION = YES;
				GCC_WARN_ABOUT_RETURN_TYPE = YES_ERROR;
				GCC_WARN_UNDECLARED_SELECTOR = YES;
				GCC_WARN_UNINITIALIZED_AUTOS = YES_AGGRESSIVE;
				GCC_WARN_UNUSED_FUNCTION = YES;
				GCC_WARN_UNUSED_VARIABLE = YES;
				IPHONEOS_DEPLOYMENT_TARGET = 17.2;
				LOCALIZATION_PREFERS_STRING_CATALOGS = YES;
				MTL_ENABLE_DEBUG_INFO = INCLUDE_SOURCE;
				MTL_FAST_MATH = YES;
				ONLY_ACTIVE_ARCH = YES;
				SDKROOT = iphoneos;
				SWIFT_ACTIVE_COMPILATION_CONDITIONS = "DEBUG $(inherited)";
				SWIFT_OPTIMIZATION_LEVEL = "-Onone";
			};
			name = Debug;
		};
		B25A553A2B8146B400572FE4 /* Release */ = {
			isa = XCBuildConfiguration;
			buildSettings = {
				ALWAYS_SEARCH_USER_PATHS = NO;
				ASSETCATALOG_COMPILER_GENERATE_SWIFT_ASSET_SYMBOL_EXTENSIONS = YES;
				CLANG_ANALYZER_NONNULL = YES;
				CLANG_ANALYZER_NUMBER_OBJECT_CONVERSION = YES_AGGRESSIVE;
				CLANG_CXX_LANGUAGE_STANDARD = "gnu++20";
				CLANG_ENABLE_MODULES = YES;
				CLANG_ENABLE_OBJC_ARC = YES;
				CLANG_ENABLE_OBJC_WEAK = YES;
				CLANG_WARN_BLOCK_CAPTURE_AUTORELEASING = YES;
				CLANG_WARN_BOOL_CONVERSION = YES;
				CLANG_WARN_COMMA = YES;
				CLANG_WARN_CONSTANT_CONVERSION = YES;
				CLANG_WARN_DEPRECATED_OBJC_IMPLEMENTATIONS = YES;
				CLANG_WARN_DIRECT_OBJC_ISA_USAGE = YES_ERROR;
				CLANG_WARN_DOCUMENTATION_COMMENTS = YES;
				CLANG_WARN_EMPTY_BODY = YES;
				CLANG_WARN_ENUM_CONVERSION = YES;
				CLANG_WARN_INFINITE_RECURSION = YES;
				CLANG_WARN_INT_CONVERSION = YES;
				CLANG_WARN_NON_LITERAL_NULL_CONVERSION = YES;
				CLANG_WARN_OBJC_IMPLICIT_RETAIN_SELF = YES;
				CLANG_WARN_OBJC_LITERAL_CONVERSION = YES;
				CLANG_WARN_OBJC_ROOT_CLASS = YES_ERROR;
				CLANG_WARN_QUOTED_INCLUDE_IN_FRAMEWORK_HEADER = YES;
				CLANG_WARN_RANGE_LOOP_ANALYSIS = YES;
				CLANG_WARN_STRICT_PROTOTYPES = YES;
				CLANG_WARN_SUSPICIOUS_MOVE = YES;
				CLANG_WARN_UNGUARDED_AVAILABILITY = YES_AGGRESSIVE;
				CLANG_WARN_UNREACHABLE_CODE = YES;
				CLANG_WARN__DUPLICATE_METHOD_MATCH = YES;
				COPY_PHASE_STRIP = NO;
				DEBUG_INFORMATION_FORMAT = "dwarf-with-dsym";
				ENABLE_NS_ASSERTIONS = NO;
				ENABLE_STRICT_OBJC_MSGSEND = YES;
				ENABLE_USER_SCRIPT_SANDBOXING = YES;
				GCC_C_LANGUAGE_STANDARD = gnu17;
				GCC_NO_COMMON_BLOCKS = YES;
				GCC_WARN_64_TO_32_BIT_CONVERSION = YES;
				GCC_WARN_ABOUT_RETURN_TYPE = YES_ERROR;
				GCC_WARN_UNDECLARED_SELECTOR = YES;
				GCC_WARN_UNINITIALIZED_AUTOS = YES_AGGRESSIVE;
				GCC_WARN_UNUSED_FUNCTION = YES;
				GCC_WARN_UNUSED_VARIABLE = YES;
				IPHONEOS_DEPLOYMENT_TARGET = 17.2;
				LOCALIZATION_PREFERS_STRING_CATALOGS = YES;
				MTL_ENABLE_DEBUG_INFO = NO;
				MTL_FAST_MATH = YES;
				SDKROOT = iphoneos;
				SWIFT_COMPILATION_MODE = wholemodule;
				VALIDATE_PRODUCT = YES;
			};
			name = Release;
		};
		B25A553C2B8146B400572FE4 /* Debug */ = {
			isa = XCBuildConfiguration;
			buildSettings = {
				ASSETCATALOG_COMPILER_APPICON_NAME = AppIcon;
				ASSETCATALOG_COMPILER_GLOBAL_ACCENT_COLOR_NAME = AccentColor;
				CODE_SIGN_STYLE = Automatic;
				CURRENT_PROJECT_VERSION = 1;
				DEVELOPMENT_ASSET_PATHS = "\"SwiftGraphQLPlayground/Preview Content\"";
				DEVELOPMENT_TEAM = Z729D9DEF5;
				ENABLE_PREVIEWS = YES;
				GENERATE_INFOPLIST_FILE = YES;
				INFOPLIST_KEY_UIApplicationSceneManifest_Generation = YES;
				INFOPLIST_KEY_UIApplicationSupportsIndirectInputEvents = YES;
				INFOPLIST_KEY_UILaunchScreen_Generation = YES;
				INFOPLIST_KEY_UISupportedInterfaceOrientations_iPad = "UIInterfaceOrientationPortrait UIInterfaceOrientationPortraitUpsideDown UIInterfaceOrientationLandscapeLeft UIInterfaceOrientationLandscapeRight";
				INFOPLIST_KEY_UISupportedInterfaceOrientations_iPhone = "UIInterfaceOrientationPortrait UIInterfaceOrientationLandscapeLeft UIInterfaceOrientationLandscapeRight";
				LD_RUNPATH_SEARCH_PATHS = (
					"$(inherited)",
					"@executable_path/Frameworks",
				);
				MARKETING_VERSION = 1.0;
				PRODUCT_BUNDLE_IDENTIFIER = com.knapsoft.SwiftGraphQLPlayground;
				PRODUCT_NAME = "$(TARGET_NAME)";
				SWIFT_EMIT_LOC_STRINGS = YES;
				SWIFT_VERSION = 5.0;
				TARGETED_DEVICE_FAMILY = "1,2";
			};
			name = Debug;
		};
		B25A553D2B8146B400572FE4 /* Release */ = {
			isa = XCBuildConfiguration;
			buildSettings = {
				ASSETCATALOG_COMPILER_APPICON_NAME = AppIcon;
				ASSETCATALOG_COMPILER_GLOBAL_ACCENT_COLOR_NAME = AccentColor;
				CODE_SIGN_STYLE = Automatic;
				CURRENT_PROJECT_VERSION = 1;
				DEVELOPMENT_ASSET_PATHS = "\"SwiftGraphQLPlayground/Preview Content\"";
				DEVELOPMENT_TEAM = Z729D9DEF5;
				ENABLE_PREVIEWS = YES;
				GENERATE_INFOPLIST_FILE = YES;
				INFOPLIST_KEY_UIApplicationSceneManifest_Generation = YES;
				INFOPLIST_KEY_UIApplicationSupportsIndirectInputEvents = YES;
				INFOPLIST_KEY_UILaunchScreen_Generation = YES;
				INFOPLIST_KEY_UISupportedInterfaceOrientations_iPad = "UIInterfaceOrientationPortrait UIInterfaceOrientationPortraitUpsideDown UIInterfaceOrientationLandscapeLeft UIInterfaceOrientationLandscapeRight";
				INFOPLIST_KEY_UISupportedInterfaceOrientations_iPhone = "UIInterfaceOrientationPortrait UIInterfaceOrientationLandscapeLeft UIInterfaceOrientationLandscapeRight";
				LD_RUNPATH_SEARCH_PATHS = (
					"$(inherited)",
					"@executable_path/Frameworks",
				);
				MARKETING_VERSION = 1.0;
				PRODUCT_BUNDLE_IDENTIFIER = com.knapsoft.SwiftGraphQLPlayground;
				PRODUCT_NAME = "$(TARGET_NAME)";
				SWIFT_EMIT_LOC_STRINGS = YES;
				SWIFT_VERSION = 5.0;
				TARGETED_DEVICE_FAMILY = "1,2";
			};
			name = Release;
		};
/* End XCBuildConfiguration section */

/* Begin XCConfigurationList section */
		B25A55282B8146B300572FE4 /* Build configuration list for PBXProject "SwiftGraphQLPlayground" */ = {
			isa = XCConfigurationList;
			buildConfigurations = (
				B25A55392B8146B400572FE4 /* Debug */,
				B25A553A2B8146B400572FE4 /* Release */,
			);
			defaultConfigurationIsVisible = 0;
			defaultConfigurationName = Release;
		};
		B25A553B2B8146B400572FE4 /* Build configuration list for PBXNativeTarget "SwiftGraphQLPlayground" */ = {
			isa = XCConfigurationList;
			buildConfigurations = (
				B25A553C2B8146B400572FE4 /* Debug */,
				B25A553D2B8146B400572FE4 /* Release */,
			);
			defaultConfigurationIsVisible = 0;
			defaultConfigurationName = Release;
		};
/* End XCConfigurationList section */

/* Begin XCRemoteSwiftPackageReference section */
		B25A553E2B8146F400572FE4 /* XCRemoteSwiftPackageReference "swift-graphql" */ = {
			isa = XCRemoteSwiftPackageReference;
			repositoryURL = "https://github.com/maticzav/swift-graphql/";
			requirement = {
				kind = upToNextMajorVersion;
				minimumVersion = 5.1.2;
			};
		};
/* End XCRemoteSwiftPackageReference section */

/* Begin XCSwiftPackageProductDependency section */
		B25A553F2B8146F400572FE4 /* GraphQL */ = {
			isa = XCSwiftPackageProductDependency;
			package = B25A553E2B8146F400572FE4 /* XCRemoteSwiftPackageReference "swift-graphql" */;
			productName = GraphQL;
		};
		B25A55412B8146F400572FE4 /* GraphQLAST */ = {
			isa = XCSwiftPackageProductDependency;
			package = B25A553E2B8146F400572FE4 /* XCRemoteSwiftPackageReference "swift-graphql" */;
			productName = GraphQLAST;
		};
		B25A55432B8146F400572FE4 /* GraphQLWebSocket */ = {
			isa = XCSwiftPackageProductDependency;
			package = B25A553E2B8146F400572FE4 /* XCRemoteSwiftPackageReference "swift-graphql" */;
			productName = GraphQLWebSocket;
		};
		B25A55452B8146F400572FE4 /* SwiftGraphQL */ = {
			isa = XCSwiftPackageProductDependency;
			package = B25A553E2B8146F400572FE4 /* XCRemoteSwiftPackageReference "swift-graphql" */;
			productName = SwiftGraphQL;
		};
		B25A55472B8146F400572FE4 /* SwiftGraphQLClient */ = {
			isa = XCSwiftPackageProductDependency;
			package = B25A553E2B8146F400572FE4 /* XCRemoteSwiftPackageReference "swift-graphql" */;
			productName = SwiftGraphQLClient;
		};
/* End XCSwiftPackageProductDependency section */
	};
	rootObject = B25A55252B8146B300572FE4 /* Project object */;
}
