// !$*UTF8*$!
{
	archiveVersion = 1;
	classes = {
	};
	objectVersion = 56;
	objects = {

/* Begin PBXBuildFile section */
		B2DCB1292B457C9D00B96C55 /* AppDelegate.swift in Sources */ = {isa = PBXBuildFile; fileRef = B2DCB1282B457C9D00B96C55 /* AppDelegate.swift */; };
		B2DCB12B2B457C9D00B96C55 /* SceneDelegate.swift in Sources */ = {isa = PBXBuildFile; fileRef = B2DCB12A2B457C9D00B96C55 /* SceneDelegate.swift */; };
		B2DCB12D2B457C9D00B96C55 /* ViewController.swift in Sources */ = {isa = PBXBuildFile; fileRef = B2DCB12C2B457C9D00B96C55 /* ViewController.swift */; };
		B2DCB1302B457C9D00B96C55 /* Main.storyboard in Resources */ = {isa = PBXBuildFile; fileRef = B2DCB12E2B457C9D00B96C55 /* Main.storyboard */; };
		B2DCB1322B457C9E00B96C55 /* Assets.xcassets in Resources */ = {isa = PBXBuildFile; fileRef = B2DCB1312B457C9E00B96C55 /* Assets.xcassets */; };
		B2DCB1352B457C9E00B96C55 /* LaunchScreen.storyboard in Resources */ = {isa = PBXBuildFile; fileRef = B2DCB1332B457C9E00B96C55 /* LaunchScreen.storyboard */; };
		B2DCB13E2B457FAE00B96C55 /* SnapKit in Frameworks */ = {isa = PBXBuildFile; productRef = B2DCB13D2B457FAE00B96C55 /* SnapKit */; };
		B2DCB1402B457FAE00B96C55 /* SnapKit-Dynamic in Frameworks */ = {isa = PBXBuildFile; productRef = B2DCB13F2B457FAE00B96C55 /* SnapKit-Dynamic */; };
/* End PBXBuildFile section */

/* Begin PBXFileReference section */
		B2DCB1252B457C9D00B96C55 /* SnapKitTest.app */ = {isa = PBXFileReference; explicitFileType = wrapper.application; includeInIndex = 0; path = SnapKitTest.app; sourceTree = BUILT_PRODUCTS_DIR; };
		B2DCB1282B457C9D00B96C55 /* AppDelegate.swift */ = {isa = PBXFileReference; lastKnownFileType = sourcecode.swift; path = AppDelegate.swift; sourceTree = "<group>"; };
		B2DCB12A2B457C9D00B96C55 /* SceneDelegate.swift */ = {isa = PBXFileReference; lastKnownFileType = sourcecode.swift; path = SceneDelegate.swift; sourceTree = "<group>"; };
		B2DCB12C2B457C9D00B96C55 /* ViewController.swift */ = {isa = PBXFileReference; lastKnownFileType = sourcecode.swift; path = ViewController.swift; sourceTree = "<group>"; };
		B2DCB12F2B457C9D00B96C55 /* Base */ = {isa = PBXFileReference; lastKnownFileType = file.storyboard; name = Base; path = Base.lproj/Main.storyboard; sourceTree = "<group>"; };
		B2DCB1312B457C9E00B96C55 /* Assets.xcassets */ = {isa = PBXFileReference; lastKnownFileType = folder.assetcatalog; path = Assets.xcassets; sourceTree = "<group>"; };
		B2DCB1342B457C9E00B96C55 /* Base */ = {isa = PBXFileReference; lastKnownFileType = file.storyboard; name = Base; path = Base.lproj/LaunchScreen.storyboard; sourceTree = "<group>"; };
		B2DCB1362B457C9E00B96C55 /* Info.plist */ = {isa = PBXFileReference; lastKnownFileType = text.plist.xml; path = Info.plist; sourceTree = "<group>"; };
/* End PBXFileReference section */

/* Begin PBXFrameworksBuildPhase section */
		B2DCB1222B457C9D00B96C55 /* Frameworks */ = {
			isa = PBXFrameworksBuildPhase;
			buildActionMask = 2147483647;
			files = (
				B2DCB13E2B457FAE00B96C55 /* SnapKit in Frameworks */,
				B2DCB1402B457FAE00B96C55 /* SnapKit-Dynamic in Frameworks */,
			);
			runOnlyForDeploymentPostprocessing = 0;
		};
/* End PBXFrameworksBuildPhase section */

/* Begin PBXGroup section */
		B2DCB11C2B457C9D00B96C55 = {
			isa = PBXGroup;
			children = (
				B2DCB1272B457C9D00B96C55 /* SnapKitTest */,
				B2DCB1262B457C9D00B96C55 /* Products */,
			);
			sourceTree = "<group>";
		};
		B2DCB1262B457C9D00B96C55 /* Products */ = {
			isa = PBXGroup;
			children = (
				B2DCB1252B457C9D00B96C55 /* SnapKitTest.app */,
			);
			name = Products;
			sourceTree = "<group>";
		};
		B2DCB1272B457C9D00B96C55 /* SnapKitTest */ = {
			isa = PBXGroup;
			children = (
				B2DCB1282B457C9D00B96C55 /* AppDelegate.swift */,
				B2DCB12A2B457C9D00B96C55 /* SceneDelegate.swift */,
				B2DCB12C2B457C9D00B96C55 /* ViewController.swift */,
				B2DCB12E2B457C9D00B96C55 /* Main.storyboard */,
				B2DCB1312B457C9E00B96C55 /* Assets.xcassets */,
				B2DCB1332B457C9E00B96C55 /* LaunchScreen.storyboard */,
				B2DCB1362B457C9E00B96C55 /* Info.plist */,
			);
			path = SnapKitTest;
			sourceTree = "<group>";
		};
/* End PBXGroup section */

/* Begin PBXNativeTarget section */
		B2DCB1242B457C9D00B96C55 /* SnapKitTest */ = {
			isa = PBXNativeTarget;
			buildConfigurationList = B2DCB1392B457C9E00B96C55 /* Build configuration list for PBXNativeTarget "SnapKitTest" */;
			buildPhases = (
				B2DCB1212B457C9D00B96C55 /* Sources */,
				B2DCB1222B457C9D00B96C55 /* Frameworks */,
				B2DCB1232B457C9D00B96C55 /* Resources */,
			);
			buildRules = (
			);
			dependencies = (
			);
			name = SnapKitTest;
			packageProductDependencies = (
				B2DCB13D2B457FAE00B96C55 /* SnapKit */,
				B2DCB13F2B457FAE00B96C55 /* SnapKit-Dynamic */,
			);
			productName = SnapKitTest;
			productReference = B2DCB1252B457C9D00B96C55 /* SnapKitTest.app */;
			productType = "com.apple.product-type.application";
		};
/* End PBXNativeTarget section */

/* Begin PBXProject section */
		B2DCB11D2B457C9D00B96C55 /* Project object */ = {
			isa = PBXProject;
			attributes = {
				BuildIndependentTargetsInParallel = 1;
				LastSwiftUpdateCheck = 1510;
				LastUpgradeCheck = 1510;
				TargetAttributes = {
					B2DCB1242B457C9D00B96C55 = {
						CreatedOnToolsVersion = 15.1;
					};
				};
			};
			buildConfigurationList = B2DCB1202B457C9D00B96C55 /* Build configuration list for PBXProject "SnapKitTest" */;
			compatibilityVersion = "Xcode 14.0";
			developmentRegion = en;
			hasScannedForEncodings = 0;
			knownRegions = (
				en,
				Base,
			);
			mainGroup = B2DCB11C2B457C9D00B96C55;
			packageReferences = (
				B2DCB13C2B457FAE00B96C55 /* XCRemoteSwiftPackageReference "SnapKit" */,
			);
			productRefGroup = B2DCB1262B457C9D00B96C55 /* Products */;
			projectDirPath = "";
			projectRoot = "";
			targets = (
				B2DCB1242B457C9D00B96C55 /* SnapKitTest */,
			);
		};
/* End PBXProject section */

/* Begin PBXResourcesBuildPhase section */
		B2DCB1232B457C9D00B96C55 /* Resources */ = {
			isa = PBXResourcesBuildPhase;
			buildActionMask = 2147483647;
			files = (
				B2DCB1352B457C9E00B96C55 /* LaunchScreen.storyboard in Resources */,
				B2DCB1322B457C9E00B96C55 /* Assets.xcassets in Resources */,
				B2DCB1302B457C9D00B96C55 /* Main.storyboard in Resources */,
			);
			runOnlyForDeploymentPostprocessing = 0;
		};
/* End PBXResourcesBuildPhase section */

/* Begin PBXSourcesBuildPhase section */
		B2DCB1212B457C9D00B96C55 /* Sources */ = {
			isa = PBXSourcesBuildPhase;
			buildActionMask = 2147483647;
			files = (
				B2DCB12D2B457C9D00B96C55 /* ViewController.swift in Sources */,
				B2DCB1292B457C9D00B96C55 /* AppDelegate.swift in Sources */,
				B2DCB12B2B457C9D00B96C55 /* SceneDelegate.swift in Sources */,
			);
			runOnlyForDeploymentPostprocessing = 0;
		};
/* End PBXSourcesBuildPhase section */

/* Begin PBXVariantGroup section */
		B2DCB12E2B457C9D00B96C55 /* Main.storyboard */ = {
			isa = PBXVariantGroup;
			children = (
				B2DCB12F2B457C9D00B96C55 /* Base */,
			);
			name = Main.storyboard;
			sourceTree = "<group>";
		};
		B2DCB1332B457C9E00B96C55 /* LaunchScreen.storyboard */ = {
			isa = PBXVariantGroup;
			children = (
				B2DCB1342B457C9E00B96C55 /* Base */,
			);
			name = LaunchScreen.storyboard;
			sourceTree = "<group>";
		};
/* End PBXVariantGroup section */

/* Begin XCBuildConfiguration section */
		B2DCB1372B457C9E00B96C55 /* Debug */ = {
			isa = XCBuildConfiguration;
			buildSettings = {
				ALWAYS_SEARCH_USER_PATHS = NO;
				ASSETCATALOG_COMPILER_GENERATE_SWIFT_ASSET_SYMBOL_EXTENSIONS = YES;
				CLANG_ANALYZER_NONNULL = YES;
				CLANG_ANALYZER_NUMBER_OBJECT_CONVERSION = YES_AGGRESSIVE;
				CLANG_CXX_LANGUAGE_STANDARD = "gnu++20";
				CLANG_ENABLE_MODULES = YES;
				CLANG_ENABLE_OBJC_ARC = YES;
				CLANG_ENABLE_OBJC_WEAK = YES;
				CLANG_WARN_BLOCK_CAPTURE_AUTORELEASING = YES;
				CLANG_WARN_BOOL_CONVERSION = YES;
				CLANG_WARN_COMMA = YES;
				CLANG_WARN_CONSTANT_CONVERSION = YES;
				CLANG_WARN_DEPRECATED_OBJC_IMPLEMENTATIONS = YES;
				CLANG_WARN_DIRECT_OBJC_ISA_USAGE = YES_ERROR;
				CLANG_WARN_DOCUMENTATION_COMMENTS = YES;
				CLANG_WARN_EMPTY_BODY = YES;
				CLANG_WARN_ENUM_CONVERSION = YES;
				CLANG_WARN_INFINITE_RECURSION = YES;
				CLANG_WARN_INT_CONVERSION = YES;
				CLANG_WARN_NON_LITERAL_NULL_CONVERSION = YES;
				CLANG_WARN_OBJC_IMPLICIT_RETAIN_SELF = YES;
				CLANG_WARN_OBJC_LITERAL_CONVERSION = YES;
				CLANG_WARN_OBJC_ROOT_CLASS = YES_ERROR;
				CLANG_WARN_QUOTED_INCLUDE_IN_FRAMEWORK_HEADER = YES;
				CLANG_WARN_RANGE_LOOP_ANALYSIS = YES;
				CLANG_WARN_STRICT_PROTOTYPES = YES;
				CLANG_WARN_SUSPICIOUS_MOVE = YES;
				CLANG_WARN_UNGUARDED_AVAILABILITY = YES_AGGRESSIVE;
				CLANG_WARN_UNREACHABLE_CODE = YES;
				CLANG_WARN__DUPLICATE_METHOD_MATCH = YES;
				COPY_PHASE_STRIP = NO;
				DEBUG_INFORMATION_FORMAT = dwarf;
				ENABLE_STRICT_OBJC_MSGSEND = YES;
				ENABLE_TESTABILITY = YES;
				ENABLE_USER_SCRIPT_SANDBOXING = YES;
				GCC_C_LANGUAGE_STANDARD = gnu17;
				GCC_DYNAMIC_NO_PIC = NO;
				GCC_NO_COMMON_BLOCKS = YES;
				GCC_OPTIMIZATION_LEVEL = 0;
				GCC_PREPROCESSOR_DEFINITIONS = (
					"DEBUG=1",
					"$(inherited)",
				);
				GCC_WARN_64_TO_32_BIT_CONVERSION = YES;
				GCC_WARN_ABOUT_RETURN_TYPE = YES_ERROR;
				GCC_WARN_UNDECLARED_SELECTOR = YES;
				GCC_WARN_UNINITIALIZED_AUTOS = YES_AGGRESSIVE;
				GCC_WARN_UNUSED_FUNCTION = YES;
				GCC_WARN_UNUSED_VARIABLE = YES;
				IPHONEOS_DEPLOYMENT_TARGET = 17.2;
				LOCALIZATION_PREFERS_STRING_CATALOGS = YES;
				MTL_ENABLE_DEBUG_INFO = INCLUDE_SOURCE;
				MTL_FAST_MATH = YES;
				ONLY_ACTIVE_ARCH = YES;
				SDKROOT = iphoneos;
				SWIFT_ACTIVE_COMPILATION_CONDITIONS = "DEBUG $(inherited)";
				SWIFT_OPTIMIZATION_LEVEL = "-Onone";
			};
			name = Debug;
		};
		B2DCB1382B457C9E00B96C55 /* Release */ = {
			isa = XCBuildConfiguration;
			buildSettings = {
				ALWAYS_SEARCH_USER_PATHS = NO;
				ASSETCATALOG_COMPILER_GENERATE_SWIFT_ASSET_SYMBOL_EXTENSIONS = YES;
				CLANG_ANALYZER_NONNULL = YES;
				CLANG_ANALYZER_NUMBER_OBJECT_CONVERSION = YES_AGGRESSIVE;
				CLANG_CXX_LANGUAGE_STANDARD = "gnu++20";
				CLANG_ENABLE_MODULES = YES;
				CLANG_ENABLE_OBJC_ARC = YES;
				CLANG_ENABLE_OBJC_WEAK = YES;
				CLANG_WARN_BLOCK_CAPTURE_AUTORELEASING = YES;
				CLANG_WARN_BOOL_CONVERSION = YES;
				CLANG_WARN_COMMA = YES;
				CLANG_WARN_CONSTANT_CONVERSION = YES;
				CLANG_WARN_DEPRECATED_OBJC_IMPLEMENTATIONS = YES;
				CLANG_WARN_DIRECT_OBJC_ISA_USAGE = YES_ERROR;
				CLANG_WARN_DOCUMENTATION_COMMENTS = YES;
				CLANG_WARN_EMPTY_BODY = YES;
				CLANG_WARN_ENUM_CONVERSION = YES;
				CLANG_WARN_INFINITE_RECURSION = YES;
				CLANG_WARN_INT_CONVERSION = YES;
				CLANG_WARN_NON_LITERAL_NULL_CONVERSION = YES;
				CLANG_WARN_OBJC_IMPLICIT_RETAIN_SELF = YES;
				CLANG_WARN_OBJC_LITERAL_CONVERSION = YES;
				CLANG_WARN_OBJC_ROOT_CLASS = YES_ERROR;
				CLANG_WARN_QUOTED_INCLUDE_IN_FRAMEWORK_HEADER = YES;
				CLANG_WARN_RANGE_LOOP_ANALYSIS = YES;
				CLANG_WARN_STRICT_PROTOTYPES = YES;
				CLANG_WARN_SUSPICIOUS_MOVE = YES;
				CLANG_WARN_UNGUARDED_AVAILABILITY = YES_AGGRESSIVE;
				CLANG_WARN_UNREACHABLE_CODE = YES;
				CLANG_WARN__DUPLICATE_METHOD_MATCH = YES;
				COPY_PHASE_STRIP = NO;
				DEBUG_INFORMATION_FORMAT = "dwarf-with-dsym";
				ENABLE_NS_ASSERTIONS = NO;
				ENABLE_STRICT_OBJC_MSGSEND = YES;
				ENABLE_USER_SCRIPT_SANDBOXING = YES;
				GCC_C_LANGUAGE_STANDARD = gnu17;
				GCC_NO_COMMON_BLOCKS = YES;
				GCC_WARN_64_TO_32_BIT_CONVERSION = YES;
				GCC_WARN_ABOUT_RETURN_TYPE = YES_ERROR;
				GCC_WARN_UNDECLARED_SELECTOR = YES;
				GCC_WARN_UNINITIALIZED_AUTOS = YES_AGGRESSIVE;
				GCC_WARN_UNUSED_FUNCTION = YES;
				GCC_WARN_UNUSED_VARIABLE = YES;
				IPHONEOS_DEPLOYMENT_TARGET = 17.2;
				LOCALIZATION_PREFERS_STRING_CATALOGS = YES;
				MTL_ENABLE_DEBUG_INFO = NO;
				MTL_FAST_MATH = YES;
				SDKROOT = iphoneos;
				SWIFT_COMPILATION_MODE = wholemodule;
				VALIDATE_PRODUCT = YES;
			};
			name = Release;
		};
		B2DCB13A2B457C9E00B96C55 /* Debug */ = {
			isa = XCBuildConfiguration;
			buildSettings = {
				ASSETCATALOG_COMPILER_APPICON_NAME = AppIcon;
				ASSETCATALOG_COMPILER_GLOBAL_ACCENT_COLOR_NAME = AccentColor;
				CODE_SIGN_STYLE = Automatic;
				CURRENT_PROJECT_VERSION = 1;
				DEVELOPMENT_TEAM = Z729D9DEF5;
				GENERATE_INFOPLIST_FILE = YES;
				INFOPLIST_FILE = SnapKitTest/Info.plist;
				INFOPLIST_KEY_UIApplicationSupportsIndirectInputEvents = YES;
				INFOPLIST_KEY_UILaunchStoryboardName = LaunchScreen;
				INFOPLIST_KEY_UIMainStoryboardFile = Main;
				INFOPLIST_KEY_UISupportedInterfaceOrientations_iPad = "UIInterfaceOrientationPortrait UIInterfaceOrientationPortraitUpsideDown UIInterfaceOrientationLandscapeLeft UIInterfaceOrientationLandscapeRight";
				INFOPLIST_KEY_UISupportedInterfaceOrientations_iPhone = "UIInterfaceOrientationPortrait UIInterfaceOrientationLandscapeLeft UIInterfaceOrientationLandscapeRight";
				LD_RUNPATH_SEARCH_PATHS = (
					"$(inherited)",
					"@executable_path/Frameworks",
				);
				MARKETING_VERSION = 1.0;
				PRODUCT_BUNDLE_IDENTIFIER = com.knapsoft.SnapKitTest;
				PRODUCT_NAME = "$(TARGET_NAME)";
				SWIFT_EMIT_LOC_STRINGS = YES;
				SWIFT_VERSION = 5.0;
				TARGETED_DEVICE_FAMILY = "1,2";
			};
			name = Debug;
		};
		B2DCB13B2B457C9E00B96C55 /* Release */ = {
			isa = XCBuildConfiguration;
			buildSettings = {
				ASSETCATALOG_COMPILER_APPICON_NAME = AppIcon;
				ASSETCATALOG_COMPILER_GLOBAL_ACCENT_COLOR_NAME = AccentColor;
				CODE_SIGN_STYLE = Automatic;
				CURRENT_PROJECT_VERSION = 1;
				DEVELOPMENT_TEAM = Z729D9DEF5;
				GENERATE_INFOPLIST_FILE = YES;
				INFOPLIST_FILE = SnapKitTest/Info.plist;
				INFOPLIST_KEY_UIApplicationSupportsIndirectInputEvents = YES;
				INFOPLIST_KEY_UILaunchStoryboardName = LaunchScreen;
				INFOPLIST_KEY_UIMainStoryboardFile = Main;
				INFOPLIST_KEY_UISupportedInterfaceOrientations_iPad = "UIInterfaceOrientationPortrait UIInterfaceOrientationPortraitUpsideDown UIInterfaceOrientationLandscapeLeft UIInterfaceOrientationLandscapeRight";
				INFOPLIST_KEY_UISupportedInterfaceOrientations_iPhone = "UIInterfaceOrientationPortrait UIInterfaceOrientationLandscapeLeft UIInterfaceOrientationLandscapeRight";
				LD_RUNPATH_SEARCH_PATHS = (
					"$(inherited)",
					"@executable_path/Frameworks",
				);
				MARKETING_VERSION = 1.0;
				PRODUCT_BUNDLE_IDENTIFIER = com.knapsoft.SnapKitTest;
				PRODUCT_NAME = "$(TARGET_NAME)";
				SWIFT_EMIT_LOC_STRINGS = YES;
				SWIFT_VERSION = 5.0;
				TARGETED_DEVICE_FAMILY = "1,2";
			};
			name = Release;
		};
/* End XCBuildConfiguration section */

/* Begin XCConfigurationList section */
		B2DCB1202B457C9D00B96C55 /* Build configuration list for PBXProject "SnapKitTest" */ = {
			isa = XCConfigurationList;
			buildConfigurations = (
				B2DCB1372B457C9E00B96C55 /* Debug */,
				B2DCB1382B457C9E00B96C55 /* Release */,
			);
			defaultConfigurationIsVisible = 0;
			defaultConfigurationName = Release;
		};
		B2DCB1392B457C9E00B96C55 /* Build configuration list for PBXNativeTarget "SnapKitTest" */ = {
			isa = XCConfigurationList;
			buildConfigurations = (
				B2DCB13A2B457C9E00B96C55 /* Debug */,
				B2DCB13B2B457C9E00B96C55 /* Release */,
			);
			defaultConfigurationIsVisible = 0;
			defaultConfigurationName = Release;
		};
/* End XCConfigurationList section */

/* Begin XCRemoteSwiftPackageReference section */
		B2DCB13C2B457FAE00B96C55 /* XCRemoteSwiftPackageReference "SnapKit" */ = {
			isa = XCRemoteSwiftPackageReference;
			repositoryURL = "https://github.com/SnapKit/SnapKit.git";
			requirement = {
				kind = upToNextMajorVersion;
				minimumVersion = 5.7.0;
			};
		};
/* End XCRemoteSwiftPackageReference section */

/* Begin XCSwiftPackageProductDependency section */
		B2DCB13D2B457FAE00B96C55 /* SnapKit */ = {
			isa = XCSwiftPackageProductDependency;
			package = B2DCB13C2B457FAE00B96C55 /* XCRemoteSwiftPackageReference "SnapKit" */;
			productName = SnapKit;
		};
		B2DCB13F2B457FAE00B96C55 /* SnapKit-Dynamic */ = {
			isa = XCSwiftPackageProductDependency;
			package = B2DCB13C2B457FAE00B96C55 /* XCRemoteSwiftPackageReference "SnapKit" */;
			productName = "SnapKit-Dynamic";
		};
/* End XCSwiftPackageProductDependency section */
	};
	rootObject = B2DCB11D2B457C9D00B96C55 /* Project object */;
}
